
Microsoft Visual Studio Solution File, Format Version 12.00
# Visual Studio Version 17
VisualStudioVersion = 17.1.32421.90
MinimumVisualStudioVersion = 10.0.40219.1
Project("{FAE04EC0-301F-11D3-BF4B-00C04F79EFBC}") = "Personalregister Övn 1", "Personalregister Övn 1\Personalregister Övn 1.csproj", "{4D35C152-7FD0-4FAC-B1E5-DA0B39A048D1}"
EndProject
Global
	GlobalSection(SolutionConfigurationPlatforms) = preSolution
		Debug|Any CPU = Debug|Any CPU
		Release|Any CPU = Release|Any CPU
	EndGlobalSection
	GlobalSection(ProjectConfigurationPlatforms) = postSolution
		{4D35C152-7FD0-4FAC-B1E5-DA0B39A048D1}.Debug|Any CPU.ActiveCfg = Debug|Any CPU
		{4D35C152-7FD0-4FAC-B1E5-DA0B39A048D1}.Debug|Any CPU.Build.0 = Debug|Any CPU
		{4D35C152-7FD0-4FAC-B1E5-DA0B39A048D1}.Release|Any CPU.ActiveCfg = Release|Any CPU
		{4D35C152-7FD0-4FAC-B1E5-DA0B39A048D1}.Release|Any CPU.Build.0 = Release|Any CPU
	EndGlobalSection
	GlobalSection(SolutionProperties) = preSolution
		HideSolutionNode = FALSE
	EndGlobalSection
	GlobalSection(ExtensibilityGlobals) = postSolution
		SolutionGuid = {EA42F806-6E44-44A4-94DF-D49FCE7F762E}
	EndGlobalSection
EndGlobal
